<?xml version="1.0" encoding="utf-8"?>
<Project ToolsVersion="4.0" xmlns="http://schemas.microsoft.com/developer/msbuild/2003">
  <ItemGroup>
    <ClCompile Include="arxcases.cpp">
      <Filter>源文件</Filter>
    </ClCompile>
    <ClCompile Include="arxrunner.cpp">
      <Filter>源文件</Filter>
    </ClCompile>
    <ClCompile Include="arxrunnerDlg.cpp">
      <Filter>源文件</Filter>
    </ClCompile>
    <ClCompile Include="basedlg.cpp">
      <Filter>源文件</Filter>
    </ClCompile>
    <ClCompile Include="configDlg.cpp">
      <Filter>源文件</Filter>
    </ClCompile>
    <ClCompile Include="pch.cpp">
      <Filter>源文件</Filter>
    </ClCompile>
    <ClCompile Include="xmlimpl.cpp">
      <Filter>源文件</Filter>
    </ClCompile>
  </ItemGroup>
  <ItemGroup>
    <ClInclude Include="Resource.h">
      <Filter>资源文件</Filter>
    </ClInclude>
    <ClInclude Include="..\inc\arxcase.h">
      <Filter>头文件</Filter>
    </ClInclude>
    <ClInclude Include="arxcases.h">
      <Filter>头文件</Filter>
    </ClInclude>
    <ClInclude Include="arxrunner.h">
      <Filter>头文件</Filter>
    </ClInclude>
    <ClInclude Include="arxrunnerDlg.h">
      <Filter>头文件</Filter>
    </ClInclude>
    <ClInclude Include="basedlg.h">
      <Filter>头文件</Filter>
    </ClInclude>
    <ClInclude Include="configDlg.h">
      <Filter>头文件</Filter>
    </ClInclude>
    <ClInclude Include="xmlutil.h">
      <Filter>头文件</Filter>
    </ClInclude>
    <ClInclude Include="pch.h">
      <Filter>头文件</Filter>
    </ClInclude>
    <ClInclude Include="xmlimpl.h">
      <Filter>头文件</Filter>
    </ClInclude>
  </ItemGroup>
  <ItemGroup>
    <Filter Include="头文件">
      <UniqueIdentifier>{e2d6f3fe-f5b5-4d53-aa9c-878be6994a39}</UniqueIdentifier>
      <Extensions>h;hh;hpp;hxx;hm;inl;inc;ipp;xsd</Extensions>
    </Filter>
    <Filter Include="源文件">
      <UniqueIdentifier>{009eff4d-1986-48c0-a774-eca980bb0217}</UniqueIdentifier>
      <Extensions>cpp;c;cc;cxx;def;odl;idl;hpj;bat;asm;asmx</Extensions>
    </Filter>
    <Filter Include="资源文件">
      <UniqueIdentifier>{60ed489d-8362-4eac-981a-b8ad82fb0ff6}</UniqueIdentifier>
      <Extensions>rc;ico;cur;bmp;dlg;rc2;rct;bin;rgs;gif;jpg;jpeg;jpe;resx;tiff;tif;png;wav;mfcribbon-ms</Extensions>
    </Filter>
  </ItemGroup>
  <ItemGroup>
    <ResourceCompile Include="arxrunner.rc">
      <Filter>资源文件</Filter>
    </ResourceCompile>
  </ItemGroup>
</Project>