<?xml version="1.0" encoding="utf-8"?>
<Project ToolsVersion="4.0" xmlns="http://schemas.microsoft.com/developer/msbuild/2003">
  <ItemGroup>
    <ClCompile Include="arxrunner.cpp" />
    <ClCompile Include="basedlg.cpp">
      <Filter>config</Filter>
    </ClCompile>
    <ClCompile Include="configDlg.cpp">
      <Filter>config</Filter>
    </ClCompile>
    <ClCompile Include="config.cpp">
      <Filter>config</Filter>
    </ClCompile>
    <ClCompile Include="pch.cpp" />
    <ClCompile Include="xmlimpl.cpp">
      <Filter>config</Filter>
    </ClCompile>
    <ClCompile Include="arxcases.cpp">
      <Filter>runner</Filter>
    </ClCompile>
    <ClCompile Include="runnerDlg.cpp">
      <Filter>runner</Filter>
    </ClCompile>
    <ClCompile Include="arxcase.cpp">
      <Filter>case</Filter>
    </ClCompile>
  </ItemGroup>
  <ItemGroup>
    <ClInclude Include="arxrunner.h" />
    <ClInclude Include="basedlg.h">
      <Filter>config</Filter>
    </ClInclude>
    <ClInclude Include="configDlg.h">
      <Filter>config</Filter>
    </ClInclude>
    <ClInclude Include="config.h">
      <Filter>config</Filter>
    </ClInclude>
    <ClInclude Include="pch.h" />
    <ClInclude Include="Resource.h" />
    <ClInclude Include="xmlutil.h">
      <Filter>config</Filter>
    </ClInclude>
    <ClInclude Include="xmlimpl.h">
      <Filter>config</Filter>
    </ClInclude>
    <ClInclude Include="..\inc\arxcase.h">
      <Filter>inc</Filter>
    </ClInclude>
    <ClInclude Include="arxcases.h">
      <Filter>runner</Filter>
    </ClInclude>
    <ClInclude Include="runnerDlg.h">
      <Filter>runner</Filter>
    </ClInclude>
  </ItemGroup>
  <ItemGroup>
    <Filter Include="config">
      <UniqueIdentifier>{73005074-1cb9-49d5-9f1f-daa286a076fa}</UniqueIdentifier>
    </Filter>
    <Filter Include="runner">
      <UniqueIdentifier>{9ccafd2e-9c19-4cd5-8fef-bb18b8061be5}</UniqueIdentifier>
    </Filter>
    <Filter Include="inc">
      <UniqueIdentifier>{39c46c4d-0af0-4efc-b575-ef67858925f8}</UniqueIdentifier>
    </Filter>
    <Filter Include="case">
      <UniqueIdentifier>{e7d98bef-e9c9-42c4-ac50-0e5841fe9695}</UniqueIdentifier>
    </Filter>
  </ItemGroup>
  <ItemGroup>
    <ResourceCompile Include="arxrunner.rc" />
  </ItemGroup>
</Project>